
Microsoft Visual Studio Solution File, Format Version 12.00
# Visual Studio Version 17
VisualStudioVersion = 17.0.31512.422
MinimumVisualStudioVersion = 10.0.40219.1
Project("{FAE04EC0-301F-11D3-BF4B-00C04F79EFBC}") = "ComboboxTips", "ComboboxTips\ComboboxTips.csproj", "{8CBA538B-D734-4218-BEDF-1245216FFF5B}"
EndProject
Global
	GlobalSection(SolutionConfigurationPlatforms) = preSolution
		Debug|Any CPU = Debug|Any CPU
		Release|Any CPU = Release|Any CPU
	EndGlobalSection
	GlobalSection(ProjectConfigurationPlatforms) = postSolution
		{8CBA538B-D734-4218-BEDF-1245216FFF5B}.Debug|Any CPU.ActiveCfg = Debug|Any CPU
		{8CBA538B-D734-4218-BEDF-1245216FFF5B}.Debug|Any CPU.Build.0 = Debug|Any CPU
		{8CBA538B-D734-4218-BEDF-1245216FFF5B}.Release|Any CPU.ActiveCfg = Release|Any CPU
		{8CBA538B-D734-4218-BEDF-1245216FFF5B}.Release|Any CPU.Build.0 = Release|Any CPU
	EndGlobalSection
	GlobalSection(SolutionProperties) = preSolution
		HideSolutionNode = FALSE
	EndGlobalSection
	GlobalSection(ExtensibilityGlobals) = postSolution
		SolutionGuid = {0B8AAA1D-FDFC-4E52-A54B-FF4FA55AB862}
	EndGlobalSection
EndGlobal
