
Microsoft Visual Studio Solution File, Format Version 12.00
# Visual Studio Version 17
VisualStudioVersion = 17.0.31521.260
MinimumVisualStudioVersion = 10.0.40219.1
Project("{FAE04EC0-301F-11D3-BF4B-00C04F79EFBC}") = "SampleLog4net", "SampleLog4net\SampleLog4net.csproj", "{724237F9-CB6A-4A4D-BAD6-7FCA505E6A6B}"
EndProject
Global
	GlobalSection(SolutionConfigurationPlatforms) = preSolution
		Debug|Any CPU = Debug|Any CPU
		Release|Any CPU = Release|Any CPU
	EndGlobalSection
	GlobalSection(ProjectConfigurationPlatforms) = postSolution
		{724237F9-CB6A-4A4D-BAD6-7FCA505E6A6B}.Debug|Any CPU.ActiveCfg = Debug|Any CPU
		{724237F9-CB6A-4A4D-BAD6-7FCA505E6A6B}.Debug|Any CPU.Build.0 = Debug|Any CPU
		{724237F9-CB6A-4A4D-BAD6-7FCA505E6A6B}.Release|Any CPU.ActiveCfg = Release|Any CPU
		{724237F9-CB6A-4A4D-BAD6-7FCA505E6A6B}.Release|Any CPU.Build.0 = Release|Any CPU
	EndGlobalSection
	GlobalSection(SolutionProperties) = preSolution
		HideSolutionNode = FALSE
	EndGlobalSection
	GlobalSection(ExtensibilityGlobals) = postSolution
		SolutionGuid = {EE4E9E9E-6443-4989-A6C3-6247C70C04E1}
	EndGlobalSection
EndGlobal
